<?xml version="1.0" encoding="utf-8"?>
<Project ToolsVersion="4.0" xmlns="http://schemas.microsoft.com/developer/msbuild/2003">
  <ItemGroup>
    <Filter Include="Source Files">
      <UniqueIdentifier>{4FC737F1-C7A5-4376-A066-2A32D752A2FF}</UniqueIdentifier>
      <Extensions>cpp;c;cc;cxx;def;odl;idl;hpj;bat;asm;asmx</Extensions>
    </Filter>
    <Filter Include="Header Files">
      <UniqueIdentifier>{93995380-89BD-4b04-88EB-625FBE52EBFB}</UniqueIdentifier>
      <Extensions>h;hpp;hxx;hm;inl;inc;xsd</Extensions>
    </Filter>
    <Filter Include="Resource Files">
      <UniqueIdentifier>{67DA6AB6-F800-4c08-8B7A-83BB121AAD01}</UniqueIdentifier>
      <Extensions>rc;ico;cur;bmp;dlg;rc2;rct;bin;rgs;gif;jpg;jpeg;jpe;resx;tiff;tif;png;wav;mfcribbon-ms</Extensions>
    </Filter>
  </ItemGroup>
  <ItemGroup>
    <ClInclude Include="CProjectile.h">
      <Filter>Source Files</Filter>
    </ClInclude>
    <ClInclude Include="CSetupDevice.h">
      <Filter>Source Files</Filter>
    </ClInclude>
    <ClInclude Include="CTurretCharacter.h">
      <Filter>Source Files</Filter>
    </ClInclude>
    <ClInclude Include="CWaypoint.h">
      <Filter>Source Files</Filter>
    </ClInclude>
    <ClInclude Include="CWaypointMeshSceneNode.h">
      <Filter>Source Files</Filter>
    </ClInclude>
    <ClInclude Include="FillMetaSelector.h">
      <Filter>Source Files</Filter>
    </ClInclude>
    <ClInclude Include="IrrOcclusionQuery.h">
      <Filter>Source Files</Filter>
    </ClInclude>
    <ClInclude Include="IrrOcclusionQuery2.h">
      <Filter>Source Files</Filter>
    </ClInclude>
    <ClInclude Include="main.h">
      <Filter>Source Files</Filter>
    </ClInclude>
    <ClInclude Include="NPCharacter.h">
      <Filter>Source Files</Filter>
    </ClInclude>
    <ClInclude Include="ProgressBar.h">
      <Filter>Source Files</Filter>
    </ClInclude>
    <ClInclude Include="Projectile.h">
      <Filter>Source Files</Filter>
    </ClInclude>
    <ClInclude Include="Turret.h">
      <Filter>Source Files</Filter>
    </ClInclude>
    <ClInclude Include="TurretEntity.h">
      <Filter>Source Files</Filter>
    </ClInclude>
    <ClInclude Include="CAIManager.h">
      <Filter>Source Files</Filter>
    </ClInclude>
    <ClInclude Include="CAStarPathFinder.h">
      <Filter>Source Files</Filter>
    </ClInclude>
    <ClInclude Include="CBreadthFirstPathFinder.h">
      <Filter>Source Files</Filter>
    </ClInclude>
    <ClInclude Include="CCombatNPC.h">
      <Filter>Source Files</Filter>
    </ClInclude>
    <ClInclude Include="CConeFieldOfView.h">
      <Filter>Source Files</Filter>
    </ClInclude>
    <ClInclude Include="CDebugConeFOVSceneNode.h">
      <Filter>Source Files</Filter>
    </ClInclude>
    <ClInclude Include="CEntryExitSensor.h">
      <Filter>Source Files</Filter>
    </ClInclude>
    <ClInclude Include="Character.h">
      <Filter>Source Files</Filter>
    </ClInclude>
    <ClInclude Include="ChasingCharacter.h">
      <Filter>Source Files</Filter>
    </ClInclude>
    <ClInclude Include="CIrrAIFileParser.h">
      <Filter>Source Files</Filter>
    </ClInclude>
    <ClInclude Include="CIrrAIFileWriter.h">
      <Filter>Source Files</Filter>
    </ClInclude>
    <ClInclude Include="CPathFindingNPC.h">
      <Filter>Source Files</Filter>
    </ClInclude>
    <ClInclude Include="CPlayerAIEntity.h">
      <Filter>Source Files</Filter>
    </ClInclude>
    <ClInclude Include="CPlayerCharacter.h">
      <Filter>Source Files</Filter>
    </ClInclude>
  </ItemGroup>
  <ItemGroup>
    <ClCompile Include="CSetupDevice.cpp">
      <Filter>Source Files</Filter>
    </ClCompile>
    <ClCompile Include="CTurretCharacter.cpp">
      <Filter>Source Files</Filter>
    </ClCompile>
    <ClCompile Include="CWaypoint.cpp">
      <Filter>Source Files</Filter>
    </ClCompile>
    <ClCompile Include="CWaypointMeshSceneNode.cpp">
      <Filter>Source Files</Filter>
    </ClCompile>
    <ClCompile Include="FillMetaSelector.cpp">
      <Filter>Source Files</Filter>
    </ClCompile>
    <ClCompile Include="IrrAI.cpp">
      <Filter>Source Files</Filter>
    </ClCompile>
    <ClCompile Include="IrrOcclusionQuery.cpp">
      <Filter>Source Files</Filter>
    </ClCompile>
    <ClCompile Include="IrrOcclusionQuery2.cpp">
      <Filter>Source Files</Filter>
    </ClCompile>
    <ClCompile Include="main.cpp">
      <Filter>Source Files</Filter>
    </ClCompile>
    <ClCompile Include="NPCharacter.cpp">
      <Filter>Source Files</Filter>
    </ClCompile>
    <ClCompile Include="ProgressBar.cpp">
      <Filter>Source Files</Filter>
    </ClCompile>
    <ClCompile Include="Projectile.cpp">
      <Filter>Source Files</Filter>
    </ClCompile>
    <ClCompile Include="Turret.cpp">
      <Filter>Source Files</Filter>
    </ClCompile>
    <ClCompile Include="TurretEntity.cpp">
      <Filter>Source Files</Filter>
    </ClCompile>
    <ClCompile Include="Utility.cpp">
      <Filter>Source Files</Filter>
    </ClCompile>
    <ClCompile Include="CAIManager.cpp">
      <Filter>Source Files</Filter>
    </ClCompile>
    <ClCompile Include="CAStarPathFinder.cpp">
      <Filter>Source Files</Filter>
    </ClCompile>
    <ClCompile Include="CBreadthFirstPathFinder.cpp">
      <Filter>Source Files</Filter>
    </ClCompile>
    <ClCompile Include="CCombatNPC.cpp">
      <Filter>Source Files</Filter>
    </ClCompile>
    <ClCompile Include="CConeFieldOfView.cpp">
      <Filter>Source Files</Filter>
    </ClCompile>
    <ClCompile Include="CDebugConeFOVSceneNode.cpp">
      <Filter>Source Files</Filter>
    </ClCompile>
    <ClCompile Include="CEntryExitSensor.cpp">
      <Filter>Source Files</Filter>
    </ClCompile>
    <ClCompile Include="Character.cpp">
      <Filter>Source Files</Filter>
    </ClCompile>
    <ClCompile Include="ChasingCharacter.cpp">
      <Filter>Source Files</Filter>
    </ClCompile>
    <ClCompile Include="CIrrAIFileParser.cpp">
      <Filter>Source Files</Filter>
    </ClCompile>
    <ClCompile Include="CIrrAIFileWriter.cpp">
      <Filter>Source Files</Filter>
    </ClCompile>
    <ClCompile Include="CPathFindingNPC.cpp">
      <Filter>Source Files</Filter>
    </ClCompile>
    <ClCompile Include="CPlayerAIEntity.cpp">
      <Filter>Source Files</Filter>
    </ClCompile>
    <ClCompile Include="CPlayerCharacter.cpp">
      <Filter>Source Files</Filter>
    </ClCompile>
    <ClCompile Include="CProjectile.cpp">
      <Filter>Source Files</Filter>
    </ClCompile>
  </ItemGroup>
</Project>